
Microsoft Visual Studio Solution File, Format Version 12.00
# Visual Studio Version 17
VisualStudioVersion = 17.14.36414.22 d17.14
MinimumVisualStudioVersion = 10.0.40219.1
Project("{FAE04EC0-301F-11D3-BF4B-00C04F79EFBC}") = "LINQ_Gyak", "LINQ_Gyak\LINQ_Gyak.csproj", "{9065D8F2-69A9-446F-9848-30591440A3C0}"
EndProject
Global
	GlobalSection(SolutionConfigurationPlatforms) = preSolution
		Debug|Any CPU = Debug|Any CPU
		Release|Any CPU = Release|Any CPU
	EndGlobalSection
	GlobalSection(ProjectConfigurationPlatforms) = postSolution
		{9065D8F2-69A9-446F-9848-30591440A3C0}.Debug|Any CPU.ActiveCfg = Debug|Any CPU
		{9065D8F2-69A9-446F-9848-30591440A3C0}.Debug|Any CPU.Build.0 = Debug|Any CPU
		{9065D8F2-69A9-446F-9848-30591440A3C0}.Release|Any CPU.ActiveCfg = Release|Any CPU
		{9065D8F2-69A9-446F-9848-30591440A3C0}.Release|Any CPU.Build.0 = Release|Any CPU
	EndGlobalSection
	GlobalSection(SolutionProperties) = preSolution
		HideSolutionNode = FALSE
	EndGlobalSection
	GlobalSection(ExtensibilityGlobals) = postSolution
		SolutionGuid = {BFA78157-7F0B-475A-A599-0732ECB9B070}
	EndGlobalSection
EndGlobal
